
Microsoft Visual Studio Solution File, Format Version 12.00
# Visual Studio Version 16
VisualStudioVersion = 16.0.29201.188
MinimumVisualStudioVersion = 10.0.40219.1
Project("{FAE04EC0-301F-11D3-BF4B-00C04F79EFBC}") = "Messenger", "Messenger\Messenger.csproj", "{D010E0B9-BF3A-472A-AAB9-4AD018392529}"
EndProject
Project("{FAE04EC0-301F-11D3-BF4B-00C04F79EFBC}") = "BLL", "BLL\BLL.csproj", "{C90920C0-0103-4525-9952-2D39440DD52B}"
EndProject
Project("{FAE04EC0-301F-11D3-BF4B-00C04F79EFBC}") = "DAL", "DAL\DAL.csproj", "{8556BF12-B34A-492A-BB01-527DA632EF3D}"
EndProject
Project("{FAE04EC0-301F-11D3-BF4B-00C04F79EFBC}") = "Entities", "Entities\Entities.csproj", "{035132BC-C557-4115-8AA0-D4947D9984F8}"
EndProject
Global
	GlobalSection(SolutionConfigurationPlatforms) = preSolution
		Debug|Any CPU = Debug|Any CPU
		Release|Any CPU = Release|Any CPU
	EndGlobalSection
	GlobalSection(ProjectConfigurationPlatforms) = postSolution
		{D010E0B9-BF3A-472A-AAB9-4AD018392529}.Debug|Any CPU.ActiveCfg = Debug|Any CPU
		{D010E0B9-BF3A-472A-AAB9-4AD018392529}.Debug|Any CPU.Build.0 = Debug|Any CPU
		{D010E0B9-BF3A-472A-AAB9-4AD018392529}.Release|Any CPU.ActiveCfg = Release|Any CPU
		{D010E0B9-BF3A-472A-AAB9-4AD018392529}.Release|Any CPU.Build.0 = Release|Any CPU
		{C90920C0-0103-4525-9952-2D39440DD52B}.Debug|Any CPU.ActiveCfg = Debug|Any CPU
		{C90920C0-0103-4525-9952-2D39440DD52B}.Debug|Any CPU.Build.0 = Debug|Any CPU
		{C90920C0-0103-4525-9952-2D39440DD52B}.Release|Any CPU.ActiveCfg = Release|Any CPU
		{C90920C0-0103-4525-9952-2D39440DD52B}.Release|Any CPU.Build.0 = Release|Any CPU
		{8556BF12-B34A-492A-BB01-527DA632EF3D}.Debug|Any CPU.ActiveCfg = Debug|Any CPU
		{8556BF12-B34A-492A-BB01-527DA632EF3D}.Debug|Any CPU.Build.0 = Debug|Any CPU
		{8556BF12-B34A-492A-BB01-527DA632EF3D}.Release|Any CPU.ActiveCfg = Release|Any CPU
		{8556BF12-B34A-492A-BB01-527DA632EF3D}.Release|Any CPU.Build.0 = Release|Any CPU
		{035132BC-C557-4115-8AA0-D4947D9984F8}.Debug|Any CPU.ActiveCfg = Debug|Any CPU
		{035132BC-C557-4115-8AA0-D4947D9984F8}.Debug|Any CPU.Build.0 = Debug|Any CPU
		{035132BC-C557-4115-8AA0-D4947D9984F8}.Release|Any CPU.ActiveCfg = Release|Any CPU
		{035132BC-C557-4115-8AA0-D4947D9984F8}.Release|Any CPU.Build.0 = Release|Any CPU
	EndGlobalSection
	GlobalSection(SolutionProperties) = preSolution
		HideSolutionNode = FALSE
	EndGlobalSection
	GlobalSection(ExtensibilityGlobals) = postSolution
		SolutionGuid = {9F8B6698-2371-4568-9CBE-0E83217C881B}
	EndGlobalSection
EndGlobal
