
Microsoft Visual Studio Solution File, Format Version 12.00
# Visual Studio Version 16
VisualStudioVersion = 16.0.30011.22
MinimumVisualStudioVersion = 10.0.40219.1
Project("{FAE04EC0-301F-11D3-BF4B-00C04F79EFBC}") = "Lab_3", "Lab_3.csproj", "{FFAEC005-760A-4283-883D-FD647EEC3E2B}"
EndProject
Global
	GlobalSection(SolutionConfigurationPlatforms) = preSolution
		Debug|Any CPU = Debug|Any CPU
		Release|Any CPU = Release|Any CPU
	EndGlobalSection
	GlobalSection(ProjectConfigurationPlatforms) = postSolution
		{FFAEC005-760A-4283-883D-FD647EEC3E2B}.Debug|Any CPU.ActiveCfg = Debug|Any CPU
		{FFAEC005-760A-4283-883D-FD647EEC3E2B}.Debug|Any CPU.Build.0 = Debug|Any CPU
		{FFAEC005-760A-4283-883D-FD647EEC3E2B}.Release|Any CPU.ActiveCfg = Release|Any CPU
		{FFAEC005-760A-4283-883D-FD647EEC3E2B}.Release|Any CPU.Build.0 = Release|Any CPU
	EndGlobalSection
	GlobalSection(SolutionProperties) = preSolution
		HideSolutionNode = FALSE
	EndGlobalSection
	GlobalSection(ExtensibilityGlobals) = postSolution
		SolutionGuid = {DAB3EE78-72B9-49F8-B9D7-4733BD3BF17A}
	EndGlobalSection
EndGlobal
